
Microsoft Visual Studio Solution File, Format Version 12.00
# Visual Studio 15
VisualStudioVersion = 15.0.27428.2005
MinimumVisualStudioVersion = 10.0.40219.1
Project("{FAE04EC0-301F-11D3-BF4B-00C04F79EFBC}") = "SecurityNationalQuiz", "SecurityNationalQuiz\SecurityNationalQuiz.csproj", "{50264CEE-3D94-4A80-A6EA-91FDAE7FB7EB}"
EndProject
Global
	GlobalSection(SolutionConfigurationPlatforms) = preSolution
		Debug|Any CPU = Debug|Any CPU
		Release|Any CPU = Release|Any CPU
	EndGlobalSection
	GlobalSection(ProjectConfigurationPlatforms) = postSolution
		{50264CEE-3D94-4A80-A6EA-91FDAE7FB7EB}.Debug|Any CPU.ActiveCfg = Debug|Any CPU
		{50264CEE-3D94-4A80-A6EA-91FDAE7FB7EB}.Debug|Any CPU.Build.0 = Debug|Any CPU
		{50264CEE-3D94-4A80-A6EA-91FDAE7FB7EB}.Release|Any CPU.ActiveCfg = Release|Any CPU
		{50264CEE-3D94-4A80-A6EA-91FDAE7FB7EB}.Release|Any CPU.Build.0 = Release|Any CPU
	EndGlobalSection
	GlobalSection(SolutionProperties) = preSolution
		HideSolutionNode = FALSE
	EndGlobalSection
	GlobalSection(ExtensibilityGlobals) = postSolution
		SolutionGuid = {97BE94B0-BAB6-4C81-A043-D156B61017B9}
	EndGlobalSection
EndGlobal
